// !$*UTF8*$!
{
	archiveVersion = 1;
	classes = {
	};
	objectVersion = 46;
	objects = {
/* Begin PBXBuildFile section */
		0207DA581B56EA530066E2B4 /* Images.xcassets in Resources */ = {isa = PBXBuildFile; fileRef = 0207DA571B56EA530066E2B4 /* Images.xcassets */; };
		1D3623260D0F684500981E51 /* AppDelegate.m in Sources */ = {isa = PBXBuildFile; fileRef = 1D3623250D0F684500981E51 /* AppDelegate.m */; };
		1D60589B0D05DD56006BFB54 /* main.m in Sources */ = {isa = PBXBuildFile; fileRef = 29B97316FDCFA39411CA2CEA /* main.m */; };
		301BF552109A68D80062928A /* libCordova.a in Frameworks */ = {isa = PBXBuildFile; fileRef = 301BF535109A57CC0062928A /* libCordova.a */; };
		302D95F114D2391D003F00A1 /* MainViewController.m in Sources */ = {isa = PBXBuildFile; fileRef = 302D95EF14D2391D003F00A1 /* MainViewController.m */; };
		302D95F214D2391D003F00A1 /* MainViewController.xib in Resources */ = {isa = PBXBuildFile; fileRef = 302D95F014D2391D003F00A1 /* MainViewController.xib */; };
		3047A5121AB8059700498E2A /* build-debug.xcconfig in Resources */ = {isa = PBXBuildFile; fileRef = 3047A50F1AB8059700498E2A /* build-debug.xcconfig */; };
		3047A5131AB8059700498E2A /* build-release.xcconfig in Resources */ = {isa = PBXBuildFile; fileRef = 3047A5101AB8059700498E2A /* build-release.xcconfig */; };
		3047A5141AB8059700498E2A /* build.xcconfig in Resources */ = {isa = PBXBuildFile; fileRef = 3047A5111AB8059700498E2A /* build.xcconfig */; };
		1FEFA130C2D64BF68E72B014 /* Screenshot.m in Sources */ = {isa = PBXBuildFile; fileRef = 1FC04FE57809422F96F7F591 /* Screenshot.m */; };
		BC4D990FF5EF4F96A8C69219 /* UIImage+CropScaleOrientation.m in Sources */ = {isa = PBXBuildFile; fileRef = AE57E0DC1E794796A51B222E /* UIImage+CropScaleOrientation.m */; };
		B5F53F3333624F4096F6EC14 /* CDVCamera.m in Sources */ = {isa = PBXBuildFile; fileRef = 03972616468C4D1190408597 /* CDVCamera.m */; };
		ACF02B92BD6A488EB7E30790 /* CDVJpegHeaderWriter.m in Sources */ = {isa = PBXBuildFile; fileRef = C367D957C55C4F488E45088F /* CDVJpegHeaderWriter.m */; };
		DFEB95AF5FB24C509E921F44 /* ImageIO.framework in Frameworks */ = {isa = PBXBuildFile; fileRef = B2A09ACCCA27431D9FF133D0 /* ImageIO.framework */; settings = {ATTRIBUTES = (Weak, ); }; };
		2521D50CCDFD4E0B96A04782 /* CoreLocation.framework in Frameworks */ = {isa = PBXBuildFile; fileRef = D3ADBD8C48E64F7A9C308A7E /* CoreLocation.framework */; };
		21A102044CED4589885763FB /* AVFoundation.framework in Frameworks */ = {isa = PBXBuildFile; fileRef = EBE2C6FFD03F4B0B87D37413 /* AVFoundation.framework */; };
		A532F1762B7B4E37942D4CD6 /* CDVDevice.m in Sources */ = {isa = PBXBuildFile; fileRef = 70CDDA4132BC4BA6B2FCA545 /* CDVDevice.m */; };
		B19502B761324B6F9F9EDC7F /* CDVLocation.m in Sources */ = {isa = PBXBuildFile; fileRef = 298D8F4AA57E428B9714B2C9 /* CDVLocation.m */; };
		0D5E1BEC19724AAAA63AE867 /* CDVConnection.m in Sources */ = {isa = PBXBuildFile; fileRef = B427AB2BDAC94BFD8F6761A1 /* CDVConnection.m */; };
		CC6DFCE5AE5E444CB7892631 /* CDVReachability.m in Sources */ = {isa = PBXBuildFile; fileRef = E1F41DCF94B044EC895BDF24 /* CDVReachability.m */; };
		E3FDFBC37DA84254A256C57D /* SystemConfiguration.framework in Frameworks */ = {isa = PBXBuildFile; fileRef = B8ADBF74BA8643AFB540A204 /* SystemConfiguration.framework */; settings = {ATTRIBUTES = (Weak, ); }; };
		80BF06B8DFD54F55A4F83692 /* CoreTelephony.framework in Frameworks */ = {isa = PBXBuildFile; fileRef = 2BC2637065EC42418BD460C7 /* CoreTelephony.framework */; };
		96E472DF3731451389A08993 /* CDVSplashScreen.m in Sources */ = {isa = PBXBuildFile; fileRef = 6A13957249494EEB97B74627 /* CDVSplashScreen.m */; };
		745284771BE54B84B261AD14 /* CDVViewController+SplashScreen.m in Sources */ = {isa = PBXBuildFile; fileRef = 361B234B32A74894B9AF1922 /* CDVViewController+SplashScreen.m */; };
		E7F9E2137B7144A0885606AC /* CDVStatusBar.m in Sources */ = {isa = PBXBuildFile; fileRef = EE92B56FE5784FAD9C9455E1 /* CDVStatusBar.m */; };
		AA84D22FA80E42D5808213B5 /* IonicKeyboard.m in Sources */ = {isa = PBXBuildFile; fileRef = 4F635EA14D34468FBADA9CFF /* IonicKeyboard.m */; };
		61B6402FAE324907885F7CBC /* UIWebViewExtension.m in Sources */ = {isa = PBXBuildFile; fileRef = D05E9ABC52CE47CEB25DE83A /* UIWebViewExtension.m */; };
		2DC9778DE9604D158F47803B /* ParsePlugin.m in Sources */ = {isa = PBXBuildFile; fileRef = C7C529BA1B2545568510C4E6 /* ParsePlugin.m */; };
		9CF41093CAF44524953CFCB5 /* AppDelegate+ParsePushNotification.m in Sources */ = {isa = PBXBuildFile; fileRef = 5F25C4E7B8454ED6BB9DAD1B /* AppDelegate+ParsePushNotification.m */; };
		0FACC74090764859B1779A41 /* Parse.framework in Frameworks */ = {isa = PBXBuildFile; fileRef = 4E15EA4B7FE3488F97632B35 /* Parse.framework */; };
		F3851EAAEA7E4B3B9A42FEA3 /* Bolts.framework in Frameworks */ = {isa = PBXBuildFile; fileRef = 93FC8D26DD284E22A7564507 /* Bolts.framework */; };
		480140D33A3A409ABDEA5350 /* Accounts.framework in Frameworks */ = {isa = PBXBuildFile; fileRef = 75BBEE974E194F7188668BF2 /* Accounts.framework */; };
		7646B54F0F424F0EB6CBD1B5 /* Social.framework in Frameworks */ = {isa = PBXBuildFile; fileRef = 2A1E05FB5A05419783E9419A /* Social.framework */; };
		A1C196D60B84447CBE6B9D07 /* AudioToolbox.framework in Frameworks */ = {isa = PBXBuildFile; fileRef = C94B93BA80EB4EE8B6779ED0 /* AudioToolbox.framework */; };
		4ACD016C40924086AD098080 /* CFNetwork.framework in Frameworks */ = {isa = PBXBuildFile; fileRef = 6DBC0DBB91724EFC980C8724 /* CFNetwork.framework */; };
		8F7E09EEA3B94A4DAF6FB925 /* QuartzCore.framework in Frameworks */ = {isa = PBXBuildFile; fileRef = 9D381854623740228231C509 /* QuartzCore.framework */; };
		A96088423ABC4AC7A0086319 /* Security.framework in Frameworks */ = {isa = PBXBuildFile; fileRef = 6CD83AF68C6347B291B5118C /* Security.framework */; };
		010E16BF0A794C7DA6DBA70E /* StoreKit.framework in Frameworks */ = {isa = PBXBuildFile; fileRef = 8C4F7780BABC47CF86CA823F /* StoreKit.framework */; };
		D3156FDB4E924C29A52A023A /* libz.dylib in Frameworks */ = {isa = PBXBuildFile; fileRef = 75AC4C1CCE4044219526EDD3 /* libz.dylib */; };
		FE5AC3C9367C46A2A3C0D06A /* libsqlite3.dylib in Frameworks */ = {isa = PBXBuildFile; fileRef = 116D76907AA4403DA5CF5492 /* libsqlite3.dylib */; };
/* End PBXBuildFile section */

/* Begin PBXContainerItemProxy section */
		301BF534109A57CC0062928A /* PBXContainerItemProxy */ = {
			isa = PBXContainerItemProxy;
			containerPortal = 301BF52D109A57CC0062928A /* CordovaLib.xcodeproj */;
			proxyType = 2;
			remoteGlobalIDString = D2AAC07E0554694100DB518D;
			remoteInfo = CordovaLib;
		};
		301BF550109A68C00062928A /* PBXContainerItemProxy */ = {
			isa = PBXContainerItemProxy;
			containerPortal = 301BF52D109A57CC0062928A /* CordovaLib.xcodeproj */;
			proxyType = 1;
			remoteGlobalIDString = D2AAC07D0554694100DB518D;
			remoteInfo = CordovaLib;
		};
/* End PBXContainerItemProxy section */

/* Begin PBXFileReference section */
		0207DA571B56EA530066E2B4 /* Images.xcassets */ = {isa = PBXFileReference; lastKnownFileType = folder.assetcatalog; name = Images.xcassets; path = "Teleport/Images.xcassets"; sourceTree = SOURCE_ROOT; };
		1D3623240D0F684500981E51 /* AppDelegate.h */ = {isa = PBXFileReference; fileEncoding = 4; lastKnownFileType = sourcecode.c.h; path = AppDelegate.h; sourceTree = "<group>"; };
		1D3623250D0F684500981E51 /* AppDelegate.m */ = {isa = PBXFileReference; fileEncoding = 4; lastKnownFileType = sourcecode.c.objc; path = AppDelegate.m; sourceTree = "<group>"; };
		1D6058910D05DD3D006BFB54 /* Teleport.app */ = {isa = PBXFileReference; explicitFileType = wrapper.application; includeInIndex = 0; path = "Teleport.app"; sourceTree = BUILT_PRODUCTS_DIR; };
		29B97316FDCFA39411CA2CEA /* main.m */ = {isa = PBXFileReference; fileEncoding = 4; lastKnownFileType = sourcecode.c.objc; path = main.m; sourceTree = "<group>"; };
		301BF52D109A57CC0062928A /* CordovaLib.xcodeproj */ = {isa = PBXFileReference; lastKnownFileType = "wrapper.pb-project"; name = CordovaLib.xcodeproj; path = CordovaLib/CordovaLib.xcodeproj; sourceTree = "<group>"; };
		301BF56E109A69640062928A /* www */ = {isa = PBXFileReference; lastKnownFileType = folder; path = www; sourceTree = SOURCE_ROOT; };
		302D95EE14D2391D003F00A1 /* MainViewController.h */ = {isa = PBXFileReference; fileEncoding = 4; lastKnownFileType = sourcecode.c.h; path = MainViewController.h; sourceTree = "<group>"; };
		302D95EF14D2391D003F00A1 /* MainViewController.m */ = {isa = PBXFileReference; fileEncoding = 4; lastKnownFileType = sourcecode.c.objc; path = MainViewController.m; sourceTree = "<group>"; };
		302D95F014D2391D003F00A1 /* MainViewController.xib */ = {isa = PBXFileReference; fileEncoding = 4; lastKnownFileType = file.xib; path = MainViewController.xib; sourceTree = "<group>"; };
		3047A50F1AB8059700498E2A /* build-debug.xcconfig */ = {isa = PBXFileReference; fileEncoding = 4; lastKnownFileType = text.xcconfig; name = "build-debug.xcconfig"; path = cordova/build-debug.xcconfig; sourceTree = SOURCE_ROOT; };
		3047A5101AB8059700498E2A /* build-release.xcconfig */ = {isa = PBXFileReference; fileEncoding = 4; lastKnownFileType = text.xcconfig; name = "build-release.xcconfig"; path = cordova/build-release.xcconfig; sourceTree = SOURCE_ROOT; };
		3047A5111AB8059700498E2A /* build.xcconfig */ = {isa = PBXFileReference; fileEncoding = 4; lastKnownFileType = text.xcconfig; name = build.xcconfig; path = cordova/build.xcconfig; sourceTree = SOURCE_ROOT; };
		32CA4F630368D1EE00C91783 /* Teleport-Prefix.pch */ = {isa = PBXFileReference; fileEncoding = 4; lastKnownFileType = sourcecode.c.h; path = "Teleport-Prefix.pch"; sourceTree = "<group>"; };
		8D1107310486CEB800E47090 /* Teleport-Info.plist */ = {isa = PBXFileReference; fileEncoding = 4; lastKnownFileType = text.plist.xml; name = "Teleport-Info.plist"; path = "Teleport/Teleport-Info.plist"; plistStructureDefinitionIdentifier = "com.apple.xcode.plist.structure-definition.iphone.info-plist"; sourceTree = SOURCE_ROOT; };
		EB87FDF31871DA8E0020F90C /* www */ = {isa = PBXFileReference; lastKnownFileType = folder; name = www; path = ../../www; sourceTree = "<group>"; };
		EB87FDF41871DAF40020F90C /* config.xml */ = {isa = PBXFileReference; lastKnownFileType = text.xml; name = config.xml; path = ../../config.xml; sourceTree = "<group>"; };
		F840E1F0165FE0F500CFE078 /* config.xml */ = {isa = PBXFileReference; lastKnownFileType = text.xml; name = config.xml; path = "Teleport/config.xml"; sourceTree = "<group>"; };
		ED33DF2A687741AEAF9F8254 /* Bridging-Header.h */ = {isa = PBXFileReference; fileEncoding = 4; lastKnownFileType = sourcecode.c.h; name = "Bridging-Header.h"; path = "Bridging-Header.h"; sourceTree = "<group>"; };
		1FC04FE57809422F96F7F591 /* Screenshot.m */ = {isa = PBXFileReference; name = "Screenshot.m"; path = "com.darktalker.cordova.screenshot/Screenshot.m"; sourceTree = "<group>"; fileEncoding = 4; lastKnownFileType = sourcecode.c.objc; explicitFileType = undefined; includeInIndex = 0; };
		9B98B80D7DE1441C96A3C9F2 /* Screenshot.h */ = {isa = PBXFileReference; name = "Screenshot.h"; path = "com.darktalker.cordova.screenshot/Screenshot.h"; sourceTree = "<group>"; fileEncoding = 4; lastKnownFileType = sourcecode.c.h; explicitFileType = undefined; includeInIndex = 0; };
		AE57E0DC1E794796A51B222E /* UIImage+CropScaleOrientation.m */ = {isa = PBXFileReference; name = "UIImage+CropScaleOrientation.m"; path = "cordova-plugin-camera/UIImage+CropScaleOrientation.m"; sourceTree = "<group>"; fileEncoding = 4; lastKnownFileType = sourcecode.c.objc; explicitFileType = undefined; includeInIndex = 0; };
		03972616468C4D1190408597 /* CDVCamera.m */ = {isa = PBXFileReference; name = "CDVCamera.m"; path = "cordova-plugin-camera/CDVCamera.m"; sourceTree = "<group>"; fileEncoding = 4; lastKnownFileType = sourcecode.c.objc; explicitFileType = undefined; includeInIndex = 0; };
		C367D957C55C4F488E45088F /* CDVJpegHeaderWriter.m */ = {isa = PBXFileReference; name = "CDVJpegHeaderWriter.m"; path = "cordova-plugin-camera/CDVJpegHeaderWriter.m"; sourceTree = "<group>"; fileEncoding = 4; lastKnownFileType = sourcecode.c.objc; explicitFileType = undefined; includeInIndex = 0; };
		6AC90E805FE14795B0026009 /* UIImage+CropScaleOrientation.h */ = {isa = PBXFileReference; name = "UIImage+CropScaleOrientation.h"; path = "cordova-plugin-camera/UIImage+CropScaleOrientation.h"; sourceTree = "<group>"; fileEncoding = 4; lastKnownFileType = sourcecode.c.h; explicitFileType = undefined; includeInIndex = 0; };
		0A4550B8B31F43A6A8D6D244 /* CDVCamera.h */ = {isa = PBXFileReference; name = "CDVCamera.h"; path = "cordova-plugin-camera/CDVCamera.h"; sourceTree = "<group>"; fileEncoding = 4; lastKnownFileType = sourcecode.c.h; explicitFileType = undefined; includeInIndex = 0; };
		34521357D3E941F19C204E32 /* CDVJpegHeaderWriter.h */ = {isa = PBXFileReference; name = "CDVJpegHeaderWriter.h"; path = "cordova-plugin-camera/CDVJpegHeaderWriter.h"; sourceTree = "<group>"; fileEncoding = 4; lastKnownFileType = sourcecode.c.h; explicitFileType = undefined; includeInIndex = 0; };
		AB5FB7E354974C38A3A2C9E2 /* CDVExif.h */ = {isa = PBXFileReference; name = "CDVExif.h"; path = "cordova-plugin-camera/CDVExif.h"; sourceTree = "<group>"; fileEncoding = 4; lastKnownFileType = sourcecode.c.h; explicitFileType = undefined; includeInIndex = 0; };
		B2A09ACCCA27431D9FF133D0 /* ImageIO.framework */ = {isa = PBXFileReference; name = "ImageIO.framework"; path = "System/Library/Frameworks/ImageIO.framework"; sourceTree = SDKROOT; fileEncoding = undefined; lastKnownFileType = wrapper.framework; explicitFileType = undefined; includeInIndex = 0; };
		D3ADBD8C48E64F7A9C308A7E /* CoreLocation.framework */ = {isa = PBXFileReference; name = "CoreLocation.framework"; path = "System/Library/Frameworks/CoreLocation.framework"; sourceTree = SDKROOT; fileEncoding = undefined; lastKnownFileType = wrapper.framework; explicitFileType = undefined; includeInIndex = 0; };
		EBE2C6FFD03F4B0B87D37413 /* AVFoundation.framework */ = {isa = PBXFileReference; name = "AVFoundation.framework"; path = "System/Library/Frameworks/AVFoundation.framework"; sourceTree = SDKROOT; fileEncoding = undefined; lastKnownFileType = wrapper.framework; explicitFileType = undefined; includeInIndex = 0; };
		70CDDA4132BC4BA6B2FCA545 /* CDVDevice.m */ = {isa = PBXFileReference; name = "CDVDevice.m"; path = "cordova-plugin-device/CDVDevice.m"; sourceTree = "<group>"; fileEncoding = 4; lastKnownFileType = sourcecode.c.objc; explicitFileType = undefined; includeInIndex = 0; };
		30930C974D654A88B2CB031A /* CDVDevice.h */ = {isa = PBXFileReference; name = "CDVDevice.h"; path = "cordova-plugin-device/CDVDevice.h"; sourceTree = "<group>"; fileEncoding = 4; lastKnownFileType = sourcecode.c.h; explicitFileType = undefined; includeInIndex = 0; };
		298D8F4AA57E428B9714B2C9 /* CDVLocation.m */ = {isa = PBXFileReference; name = "CDVLocation.m"; path = "cordova-plugin-geolocation/CDVLocation.m"; sourceTree = "<group>"; fileEncoding = 4; lastKnownFileType = sourcecode.c.objc; explicitFileType = undefined; includeInIndex = 0; };
		330FD1CA5FC34C3AA3FFDC86 /* CDVLocation.h */ = {isa = PBXFileReference; name = "CDVLocation.h"; path = "cordova-plugin-geolocation/CDVLocation.h"; sourceTree = "<group>"; fileEncoding = 4; lastKnownFileType = sourcecode.c.h; explicitFileType = undefined; includeInIndex = 0; };
		B427AB2BDAC94BFD8F6761A1 /* CDVConnection.m */ = {isa = PBXFileReference; name = "CDVConnection.m"; path = "cordova-plugin-network-information/CDVConnection.m"; sourceTree = "<group>"; fileEncoding = 4; lastKnownFileType = sourcecode.c.objc; explicitFileType = undefined; includeInIndex = 0; };
		E1F41DCF94B044EC895BDF24 /* CDVReachability.m */ = {isa = PBXFileReference; name = "CDVReachability.m"; path = "cordova-plugin-network-information/CDVReachability.m"; sourceTree = "<group>"; fileEncoding = 4; lastKnownFileType = sourcecode.c.objc; explicitFileType = undefined; includeInIndex = 0; };
		5F31559A62344425A87BE1CE /* CDVConnection.h */ = {isa = PBXFileReference; name = "CDVConnection.h"; path = "cordova-plugin-network-information/CDVConnection.h"; sourceTree = "<group>"; fileEncoding = 4; lastKnownFileType = sourcecode.c.h; explicitFileType = undefined; includeInIndex = 0; };
		93B4527A8D384CCCB70960DD /* CDVReachability.h */ = {isa = PBXFileReference; name = "CDVReachability.h"; path = "cordova-plugin-network-information/CDVReachability.h"; sourceTree = "<group>"; fileEncoding = 4; lastKnownFileType = sourcecode.c.h; explicitFileType = undefined; includeInIndex = 0; };
		B8ADBF74BA8643AFB540A204 /* SystemConfiguration.framework */ = {isa = PBXFileReference; name = "SystemConfiguration.framework"; path = "System/Library/Frameworks/SystemConfiguration.framework"; sourceTree = SDKROOT; fileEncoding = undefined; lastKnownFileType = wrapper.framework; explicitFileType = undefined; includeInIndex = 0; };
		2BC2637065EC42418BD460C7 /* CoreTelephony.framework */ = {isa = PBXFileReference; name = "CoreTelephony.framework"; path = "System/Library/Frameworks/CoreTelephony.framework"; sourceTree = SDKROOT; fileEncoding = undefined; lastKnownFileType = wrapper.framework; explicitFileType = undefined; includeInIndex = 0; };
		6A13957249494EEB97B74627 /* CDVSplashScreen.m */ = {isa = PBXFileReference; name = "CDVSplashScreen.m"; path = "cordova-plugin-splashscreen/CDVSplashScreen.m"; sourceTree = "<group>"; fileEncoding = 4; lastKnownFileType = sourcecode.c.objc; explicitFileType = undefined; includeInIndex = 0; };
		361B234B32A74894B9AF1922 /* CDVViewController+SplashScreen.m */ = {isa = PBXFileReference; name = "CDVViewController+SplashScreen.m"; path = "cordova-plugin-splashscreen/CDVViewController+SplashScreen.m"; sourceTree = "<group>"; fileEncoding = 4; lastKnownFileType = sourcecode.c.objc; explicitFileType = undefined; includeInIndex = 0; };
		BB16A36E72B84E6294ECA960 /* CDVSplashScreen.h */ = {isa = PBXFileReference; name = "CDVSplashScreen.h"; path = "cordova-plugin-splashscreen/CDVSplashScreen.h"; sourceTree = "<group>"; fileEncoding = 4; lastKnownFileType = sourcecode.c.h; explicitFileType = undefined; includeInIndex = 0; };
		745DB803F9DD4222A3E4ADB4 /* CDVViewController+SplashScreen.h */ = {isa = PBXFileReference; name = "CDVViewController+SplashScreen.h"; path = "cordova-plugin-splashscreen/CDVViewController+SplashScreen.h"; sourceTree = "<group>"; fileEncoding = 4; lastKnownFileType = sourcecode.c.h; explicitFileType = undefined; includeInIndex = 0; };
		EE92B56FE5784FAD9C9455E1 /* CDVStatusBar.m */ = {isa = PBXFileReference; name = "CDVStatusBar.m"; path = "cordova-plugin-statusbar/CDVStatusBar.m"; sourceTree = "<group>"; fileEncoding = 4; lastKnownFileType = sourcecode.c.objc; explicitFileType = undefined; includeInIndex = 0; };
		8E432FE7FB5B4978B4BC6B2D /* CDVStatusBar.h */ = {isa = PBXFileReference; name = "CDVStatusBar.h"; path = "cordova-plugin-statusbar/CDVStatusBar.h"; sourceTree = "<group>"; fileEncoding = 4; lastKnownFileType = sourcecode.c.h; explicitFileType = undefined; includeInIndex = 0; };
		4F635EA14D34468FBADA9CFF /* IonicKeyboard.m */ = {isa = PBXFileReference; name = "IonicKeyboard.m"; path = "ionic-plugin-keyboard/IonicKeyboard.m"; sourceTree = "<group>"; fileEncoding = 4; lastKnownFileType = sourcecode.c.objc; explicitFileType = undefined; includeInIndex = 0; };
		D05E9ABC52CE47CEB25DE83A /* UIWebViewExtension.m */ = {isa = PBXFileReference; name = "UIWebViewExtension.m"; path = "ionic-plugin-keyboard/UIWebViewExtension.m"; sourceTree = "<group>"; fileEncoding = 4; lastKnownFileType = sourcecode.c.objc; explicitFileType = undefined; includeInIndex = 0; };
		391186E2B7844899B58B4B0A /* IonicKeyboard.h */ = {isa = PBXFileReference; name = "IonicKeyboard.h"; path = "ionic-plugin-keyboard/IonicKeyboard.h"; sourceTree = "<group>"; fileEncoding = 4; lastKnownFileType = sourcecode.c.h; explicitFileType = undefined; includeInIndex = 0; };
		9C80435ABD1A4BBD9139FD3B /* UIWebViewExtension.h */ = {isa = PBXFileReference; name = "UIWebViewExtension.h"; path = "ionic-plugin-keyboard/UIWebViewExtension.h"; sourceTree = "<group>"; fileEncoding = 4; lastKnownFileType = sourcecode.c.h; explicitFileType = undefined; includeInIndex = 0; };
		C7C529BA1B2545568510C4E6 /* ParsePlugin.m */ = {isa = PBXFileReference; name = "ParsePlugin.m"; path = "se.frostyelk.cordova.parse.plugin/ParsePlugin.m"; sourceTree = "<group>"; fileEncoding = 4; lastKnownFileType = sourcecode.c.objc; explicitFileType = undefined; includeInIndex = 0; };
		5F25C4E7B8454ED6BB9DAD1B /* AppDelegate+ParsePushNotification.m */ = {isa = PBXFileReference; name = "AppDelegate+ParsePushNotification.m"; path = "se.frostyelk.cordova.parse.plugin/AppDelegate+ParsePushNotification.m"; sourceTree = "<group>"; fileEncoding = 4; lastKnownFileType = sourcecode.c.objc; explicitFileType = undefined; includeInIndex = 0; };
		4872106C1F364E84A6483582 /* ParsePlugin.h */ = {isa = PBXFileReference; name = "ParsePlugin.h"; path = "se.frostyelk.cordova.parse.plugin/ParsePlugin.h"; sourceTree = "<group>"; fileEncoding = 4; lastKnownFileType = sourcecode.c.h; explicitFileType = undefined; includeInIndex = 0; };
		D41C58900D1B4F0CAA77F1FA /* AppDelegate+ParsePushNotification.h */ = {isa = PBXFileReference; name = "AppDelegate+ParsePushNotification.h"; path = "se.frostyelk.cordova.parse.plugin/AppDelegate+ParsePushNotification.h"; sourceTree = "<group>"; fileEncoding = 4; lastKnownFileType = sourcecode.c.h; explicitFileType = undefined; includeInIndex = 0; };
		4E15EA4B7FE3488F97632B35 /* Parse.framework */ = {isa = PBXFileReference; name = "Parse.framework"; path = "Teleport/Plugins/se.frostyelk.cordova.parse.plugin/Parse.framework"; sourceTree = "<group>"; fileEncoding = undefined; lastKnownFileType = wrapper.framework; explicitFileType = undefined; includeInIndex = 0; };
		93FC8D26DD284E22A7564507 /* Bolts.framework */ = {isa = PBXFileReference; name = "Bolts.framework"; path = "Teleport/Plugins/se.frostyelk.cordova.parse.plugin/Bolts.framework"; sourceTree = "<group>"; fileEncoding = undefined; lastKnownFileType = wrapper.framework; explicitFileType = undefined; includeInIndex = 0; };
		75BBEE974E194F7188668BF2 /* Accounts.framework */ = {isa = PBXFileReference; name = "Accounts.framework"; path = "System/Library/Frameworks/Accounts.framework"; sourceTree = SDKROOT; fileEncoding = undefined; lastKnownFileType = wrapper.framework; explicitFileType = undefined; includeInIndex = 0; };
		2A1E05FB5A05419783E9419A /* Social.framework */ = {isa = PBXFileReference; name = "Social.framework"; path = "System/Library/Frameworks/Social.framework"; sourceTree = SDKROOT; fileEncoding = undefined; lastKnownFileType = wrapper.framework; explicitFileType = undefined; includeInIndex = 0; };
		C94B93BA80EB4EE8B6779ED0 /* AudioToolbox.framework */ = {isa = PBXFileReference; name = "AudioToolbox.framework"; path = "System/Library/Frameworks/AudioToolbox.framework"; sourceTree = SDKROOT; fileEncoding = undefined; lastKnownFileType = wrapper.framework; explicitFileType = undefined; includeInIndex = 0; };
		6DBC0DBB91724EFC980C8724 /* CFNetwork.framework */ = {isa = PBXFileReference; name = "CFNetwork.framework"; path = "System/Library/Frameworks/CFNetwork.framework"; sourceTree = SDKROOT; fileEncoding = undefined; lastKnownFileType = wrapper.framework; explicitFileType = undefined; includeInIndex = 0; };
		9D381854623740228231C509 /* QuartzCore.framework */ = {isa = PBXFileReference; name = "QuartzCore.framework"; path = "System/Library/Frameworks/QuartzCore.framework"; sourceTree = SDKROOT; fileEncoding = undefined; lastKnownFileType = wrapper.framework; explicitFileType = undefined; includeInIndex = 0; };
		6CD83AF68C6347B291B5118C /* Security.framework */ = {isa = PBXFileReference; name = "Security.framework"; path = "System/Library/Frameworks/Security.framework"; sourceTree = SDKROOT; fileEncoding = undefined; lastKnownFileType = wrapper.framework; explicitFileType = undefined; includeInIndex = 0; };
		8C4F7780BABC47CF86CA823F /* StoreKit.framework */ = {isa = PBXFileReference; name = "StoreKit.framework"; path = "System/Library/Frameworks/StoreKit.framework"; sourceTree = SDKROOT; fileEncoding = undefined; lastKnownFileType = wrapper.framework; explicitFileType = undefined; includeInIndex = 0; };
		75AC4C1CCE4044219526EDD3 /* libz.dylib */ = {isa = PBXFileReference; name = "libz.dylib"; path = "usr/lib/libz.dylib"; sourceTree = SDKROOT; fileEncoding = undefined; lastKnownFileType = compiled.mach-o.dylib; explicitFileType = undefined; includeInIndex = 0; };
		116D76907AA4403DA5CF5492 /* libsqlite3.dylib */ = {isa = PBXFileReference; name = "libsqlite3.dylib"; path = "usr/lib/libsqlite3.dylib"; sourceTree = SDKROOT; fileEncoding = undefined; lastKnownFileType = compiled.mach-o.dylib; explicitFileType = undefined; includeInIndex = 0; };
/* End PBXFileReference section */

/* Begin PBXFrameworksBuildPhase section */
		1D60588F0D05DD3D006BFB54 /* Frameworks */ = {
			isa = PBXFrameworksBuildPhase;
			buildActionMask = 2147483647;
			files = (
				301BF552109A68D80062928A /* libCordova.a in Frameworks */,
				DFEB95AF5FB24C509E921F44 /* ImageIO.framework in Frameworks */,
				2521D50CCDFD4E0B96A04782 /* CoreLocation.framework in Frameworks */,
				21A102044CED4589885763FB /* AVFoundation.framework in Frameworks */,
				E3FDFBC37DA84254A256C57D /* SystemConfiguration.framework in Frameworks */,
				80BF06B8DFD54F55A4F83692 /* CoreTelephony.framework in Frameworks */,
				0FACC74090764859B1779A41 /* Parse.framework in Frameworks */,
				F3851EAAEA7E4B3B9A42FEA3 /* Bolts.framework in Frameworks */,
				480140D33A3A409ABDEA5350 /* Accounts.framework in Frameworks */,
				7646B54F0F424F0EB6CBD1B5 /* Social.framework in Frameworks */,
				A1C196D60B84447CBE6B9D07 /* AudioToolbox.framework in Frameworks */,
				4ACD016C40924086AD098080 /* CFNetwork.framework in Frameworks */,
				8F7E09EEA3B94A4DAF6FB925 /* QuartzCore.framework in Frameworks */,
				A96088423ABC4AC7A0086319 /* Security.framework in Frameworks */,
				010E16BF0A794C7DA6DBA70E /* StoreKit.framework in Frameworks */,
				D3156FDB4E924C29A52A023A /* libz.dylib in Frameworks */,
				FE5AC3C9367C46A2A3C0D06A /* libsqlite3.dylib in Frameworks */,
			);
			runOnlyForDeploymentPostprocessing = 0;
		};
/* End PBXFrameworksBuildPhase section */

/* Begin PBXGroup section */
		080E96DDFE201D6D7F000001 /* Classes */ = {
			isa = PBXGroup;
			children = (
				302D95EE14D2391D003F00A1 /* MainViewController.h */,
				302D95EF14D2391D003F00A1 /* MainViewController.m */,
				302D95F014D2391D003F00A1 /* MainViewController.xib */,
				1D3623240D0F684500981E51 /* AppDelegate.h */,
				1D3623250D0F684500981E51 /* AppDelegate.m */,
			);
			name = Classes;
			path = "Teleport/Classes";
			sourceTree = SOURCE_ROOT;
		};
		19C28FACFE9D520D11CA2CBB /* Products */ = {
			isa = PBXGroup;
			children = (
				1D6058910D05DD3D006BFB54 /* Teleport.app */,
			);
			name = Products;
			sourceTree = "<group>";
		};
		29B97314FDCFA39411CA2CEA /* CustomTemplate */ = {
			isa = PBXGroup;
			children = (
				EB87FDF41871DAF40020F90C /* config.xml */,
				EB87FDF31871DA8E0020F90C /* www */,
				EB87FDF11871DA420020F90C /* Staging */,
				301BF52D109A57CC0062928A /* CordovaLib.xcodeproj */,
				080E96DDFE201D6D7F000001 /* Classes */,
				307C750510C5A3420062BCA9 /* Plugins */,
				29B97315FDCFA39411CA2CEA /* Other Sources */,
				29B97317FDCFA39411CA2CEA /* Resources */,
				29B97323FDCFA39411CA2CEA /* Frameworks */,
				19C28FACFE9D520D11CA2CBB /* Products */,
			);
			name = CustomTemplate;
			sourceTree = "<group>";
		};
		29B97315FDCFA39411CA2CEA /* Other Sources */ = {
			isa = PBXGroup;
			children = (
				32CA4F630368D1EE00C91783 /* Teleport-Prefix.pch */,
				29B97316FDCFA39411CA2CEA /* main.m */,
				ED33DF2A687741AEAF9F8254 /* Bridging-Header.h */,
			);
			name = "Other Sources";
			path = "Teleport";
			sourceTree = "<group>";
		};
		29B97317FDCFA39411CA2CEA /* Resources */ = {
			isa = PBXGroup;
			children = (
				0207DA571B56EA530066E2B4 /* Images.xcassets */,
				3047A50E1AB8057F00498E2A /* config */,
				8D1107310486CEB800E47090 /* Teleport-Info.plist */,
			);
			name = Resources;
			path = "Teleport/Resources";
			sourceTree = "<group>";
		};
		29B97323FDCFA39411CA2CEA /* Frameworks */ = {
			isa = PBXGroup;
			children = (
				B2A09ACCCA27431D9FF133D0 /* ImageIO.framework */,
				D3ADBD8C48E64F7A9C308A7E /* CoreLocation.framework */,
				EBE2C6FFD03F4B0B87D37413 /* AVFoundation.framework */,
				B8ADBF74BA8643AFB540A204 /* SystemConfiguration.framework */,
				2BC2637065EC42418BD460C7 /* CoreTelephony.framework */,
				4E15EA4B7FE3488F97632B35 /* Parse.framework */,
				93FC8D26DD284E22A7564507 /* Bolts.framework */,
				75BBEE974E194F7188668BF2 /* Accounts.framework */,
				2A1E05FB5A05419783E9419A /* Social.framework */,
				C94B93BA80EB4EE8B6779ED0 /* AudioToolbox.framework */,
				6DBC0DBB91724EFC980C8724 /* CFNetwork.framework */,
				9D381854623740228231C509 /* QuartzCore.framework */,
				6CD83AF68C6347B291B5118C /* Security.framework */,
				8C4F7780BABC47CF86CA823F /* StoreKit.framework */,
				75AC4C1CCE4044219526EDD3 /* libz.dylib */,
				116D76907AA4403DA5CF5492 /* libsqlite3.dylib */,
			);
			name = Frameworks;
			sourceTree = "<group>";
		};
		301BF52E109A57CC0062928A /* Products */ = {
			isa = PBXGroup;
			children = (
				301BF535109A57CC0062928A /* libCordova.a */,
			);
			name = Products;
			sourceTree = "<group>";
		};
		3047A50E1AB8057F00498E2A /* config */ = {
			isa = PBXGroup;
			children = (
				3047A50F1AB8059700498E2A /* build-debug.xcconfig */,
				3047A5101AB8059700498E2A /* build-release.xcconfig */,
				3047A5111AB8059700498E2A /* build.xcconfig */,
			);
			name = config;
			sourceTree = "<group>";
		};
		307C750510C5A3420062BCA9 /* Plugins */ = {
			isa = PBXGroup;
			children = (
				1FC04FE57809422F96F7F591 /* Screenshot.m */,
				9B98B80D7DE1441C96A3C9F2 /* Screenshot.h */,
				AE57E0DC1E794796A51B222E /* UIImage+CropScaleOrientation.m */,
				03972616468C4D1190408597 /* CDVCamera.m */,
				C367D957C55C4F488E45088F /* CDVJpegHeaderWriter.m */,
				6AC90E805FE14795B0026009 /* UIImage+CropScaleOrientation.h */,
				0A4550B8B31F43A6A8D6D244 /* CDVCamera.h */,
				34521357D3E941F19C204E32 /* CDVJpegHeaderWriter.h */,
				AB5FB7E354974C38A3A2C9E2 /* CDVExif.h */,
				70CDDA4132BC4BA6B2FCA545 /* CDVDevice.m */,
				30930C974D654A88B2CB031A /* CDVDevice.h */,
				298D8F4AA57E428B9714B2C9 /* CDVLocation.m */,
				330FD1CA5FC34C3AA3FFDC86 /* CDVLocation.h */,
				B427AB2BDAC94BFD8F6761A1 /* CDVConnection.m */,
				E1F41DCF94B044EC895BDF24 /* CDVReachability.m */,
				5F31559A62344425A87BE1CE /* CDVConnection.h */,
				93B4527A8D384CCCB70960DD /* CDVReachability.h */,
				6A13957249494EEB97B74627 /* CDVSplashScreen.m */,
				361B234B32A74894B9AF1922 /* CDVViewController+SplashScreen.m */,
				BB16A36E72B84E6294ECA960 /* CDVSplashScreen.h */,
				745DB803F9DD4222A3E4ADB4 /* CDVViewController+SplashScreen.h */,
				EE92B56FE5784FAD9C9455E1 /* CDVStatusBar.m */,
				8E432FE7FB5B4978B4BC6B2D /* CDVStatusBar.h */,
				4F635EA14D34468FBADA9CFF /* IonicKeyboard.m */,
				D05E9ABC52CE47CEB25DE83A /* UIWebViewExtension.m */,
				391186E2B7844899B58B4B0A /* IonicKeyboard.h */,
				9C80435ABD1A4BBD9139FD3B /* UIWebViewExtension.h */,
				C7C529BA1B2545568510C4E6 /* ParsePlugin.m */,
				5F25C4E7B8454ED6BB9DAD1B /* AppDelegate+ParsePushNotification.m */,
				4872106C1F364E84A6483582 /* ParsePlugin.h */,
				D41C58900D1B4F0CAA77F1FA /* AppDelegate+ParsePushNotification.h */,
			);
			name = Plugins;
			path = "Teleport/Plugins";
			sourceTree = SOURCE_ROOT;
		};
		EB87FDF11871DA420020F90C /* Staging */ = {
			isa = PBXGroup;
			children = (
				F840E1F0165FE0F500CFE078 /* config.xml */,
				301BF56E109A69640062928A /* www */,
			);
			name = Staging;
			sourceTree = "<group>";
		};
/* End PBXGroup section */

/* Begin PBXNativeTarget section */
		1D6058900D05DD3D006BFB54 /* Teleport */ = {
			isa = PBXNativeTarget;
			buildConfigurationList = 1D6058960D05DD3E006BFB54 /* Build configuration list for PBXNativeTarget "Teleport" */;
			buildPhases = (
				304B58A110DAC018002A0835 /* Copy www directory */,
				1D60588D0D05DD3D006BFB54 /* Resources */,
				1D60588E0D05DD3D006BFB54 /* Sources */,
				1D60588F0D05DD3D006BFB54 /* Frameworks */,
			);
			buildRules = (
			);
			dependencies = (
				301BF551109A68C00062928A /* PBXTargetDependency */,
			);
			name = "Teleport";
			productName = "Teleport";
			productReference = 1D6058910D05DD3D006BFB54 /* Teleport.app */;
			productType = "com.apple.product-type.application";
		};
/* End PBXNativeTarget section */

/* Begin PBXProject section */
		29B97313FDCFA39411CA2CEA /* Project object */ = {
			isa = PBXProject;
			attributes = {
				LastUpgradeCheck = 510;
			};
			buildConfigurationList = C01FCF4E08A954540054247B /* Build configuration list for PBXProject "__NON-CLI__" */;
			compatibilityVersion = "Xcode 3.2";
			developmentRegion = English;
			hasScannedForEncodings = 1;
			mainGroup = 29B97314FDCFA39411CA2CEA /* CustomTemplate */;
			projectDirPath = "";
			projectReferences = (
				{
					ProductGroup = 301BF52E109A57CC0062928A /* Products */;
					ProjectRef = 301BF52D109A57CC0062928A /* CordovaLib.xcodeproj */;
				},
			);
			projectRoot = "";
			targets = (
				1D6058900D05DD3D006BFB54 /* Teleport */,
			);
		};
/* End PBXProject section */

/* Begin PBXReferenceProxy section */
		301BF535109A57CC0062928A /* libCordova.a */ = {
			isa = PBXReferenceProxy;
			fileType = archive.ar;
			path = libCordova.a;
			remoteRef = 301BF534109A57CC0062928A /* PBXContainerItemProxy */;
			sourceTree = BUILT_PRODUCTS_DIR;
		};
/* End PBXReferenceProxy section */

/* Begin PBXResourcesBuildPhase section */
		1D60588D0D05DD3D006BFB54 /* Resources */ = {
			isa = PBXResourcesBuildPhase;
			buildActionMask = 2147483647;
			files = (
				302D95F214D2391D003F00A1 /* MainViewController.xib in Resources */,
				3047A5131AB8059700498E2A /* build-release.xcconfig in Resources */,
				3047A5141AB8059700498E2A /* build.xcconfig in Resources */,
				0207DA581B56EA530066E2B4 /* Images.xcassets in Resources */,
				3047A5121AB8059700498E2A /* build-debug.xcconfig in Resources */,
			);
			runOnlyForDeploymentPostprocessing = 0;
		};
/* End PBXResourcesBuildPhase section */

/* Begin PBXShellScriptBuildPhase section */
		304B58A110DAC018002A0835 /* Copy www directory */ = {
			isa = PBXShellScriptBuildPhase;
			buildActionMask = 2147483647;
			files = (
			);
			inputPaths = (
			);
			name = "Copy www directory";
			outputPaths = (
			);
			runOnlyForDeploymentPostprocessing = 0;
			shellPath = /bin/sh;
			shellScript = "NODEJS_PATH=/usr/local/bin; NVM_NODE_PATH=~/.nvm/versions/node/`nvm version 2>/dev/null`/bin; N_NODE_PATH=`find /usr/local/n/versions/node/* -maxdepth 0 -type d 2>/dev/null | tail -1`/bin; XCODE_NODE_PATH=`xcode-select --print-path`/usr/share/xcs/Node/bin; PATH=$NODEJS_PATH:$NVM_NODE_PATH:$N_NODE_PATH:$XCODE_NODE_PATH:$PATH && node cordova/lib/copy-www-build-step.js";
			showEnvVarsInLog = 0;
		};
/* End PBXShellScriptBuildPhase section */

/* Begin PBXSourcesBuildPhase section */
		1D60588E0D05DD3D006BFB54 /* Sources */ = {
			isa = PBXSourcesBuildPhase;
			buildActionMask = 2147483647;
			files = (
				1D60589B0D05DD56006BFB54 /* main.m in Sources */,
				1D3623260D0F684500981E51 /* AppDelegate.m in Sources */,
				302D95F114D2391D003F00A1 /* MainViewController.m in Sources */,
				1FEFA130C2D64BF68E72B014 /* Screenshot.m in Sources */,
				BC4D990FF5EF4F96A8C69219 /* UIImage+CropScaleOrientation.m in Sources */,
				B5F53F3333624F4096F6EC14 /* CDVCamera.m in Sources */,
				ACF02B92BD6A488EB7E30790 /* CDVJpegHeaderWriter.m in Sources */,
				A532F1762B7B4E37942D4CD6 /* CDVDevice.m in Sources */,
				B19502B761324B6F9F9EDC7F /* CDVLocation.m in Sources */,
				0D5E1BEC19724AAAA63AE867 /* CDVConnection.m in Sources */,
				CC6DFCE5AE5E444CB7892631 /* CDVReachability.m in Sources */,
				96E472DF3731451389A08993 /* CDVSplashScreen.m in Sources */,
				745284771BE54B84B261AD14 /* CDVViewController+SplashScreen.m in Sources */,
				E7F9E2137B7144A0885606AC /* CDVStatusBar.m in Sources */,
				AA84D22FA80E42D5808213B5 /* IonicKeyboard.m in Sources */,
				61B6402FAE324907885F7CBC /* UIWebViewExtension.m in Sources */,
				2DC9778DE9604D158F47803B /* ParsePlugin.m in Sources */,
				9CF41093CAF44524953CFCB5 /* AppDelegate+ParsePushNotification.m in Sources */,
			);
			runOnlyForDeploymentPostprocessing = 0;
		};
/* End PBXSourcesBuildPhase section */

/* Begin PBXTargetDependency section */
		301BF551109A68C00062928A /* PBXTargetDependency */ = {
			isa = PBXTargetDependency;
			name = CordovaLib;
			targetProxy = 301BF550109A68C00062928A /* PBXContainerItemProxy */;
		};
/* End PBXTargetDependency section */

/* Begin XCBuildConfiguration section */
		1D6058940D05DD3E006BFB54 /* Debug */ = {
			isa = XCBuildConfiguration;
			baseConfigurationReference = 3047A50F1AB8059700498E2A /* build-debug.xcconfig */;
			buildSettings = {
				ALWAYS_SEARCH_USER_PATHS = NO;
				ASSETCATALOG_COMPILER_APPICON_NAME = AppIcon;
				ASSETCATALOG_COMPILER_LAUNCHIMAGE_NAME = LaunchImage;
				CLANG_ENABLE_MODULES = YES;
				CLANG_ENABLE_OBJC_ARC = YES;
				COPY_PHASE_STRIP = NO;
				GCC_DYNAMIC_NO_PIC = NO;
				GCC_OPTIMIZATION_LEVEL = 0;
				GCC_PRECOMPILE_PREFIX_HEADER = YES;
				GCC_PREFIX_HEADER = "Teleport/Teleport-Prefix.pch";
				GCC_THUMB_SUPPORT = NO;
				GCC_VERSION = "";
				INFOPLIST_FILE = "Teleport/Teleport-Info.plist";
				LD_RUNPATH_SEARCH_PATHS = "@executable_path/Frameworks";
				PRODUCT_NAME = "Teleport";
				FRAMEWORK_SEARCH_PATHS = (
					"$(inherited)",
					"\"Teleport/Plugins/se.frostyelk.cordova.parse.plugin\"",
					"\"Teleport/Plugins/se.frostyelk.cordova.parse.plugin\"",
				);
			};
			name = Debug;
		};
		1D6058950D05DD3E006BFB54 /* Release */ = {
			isa = XCBuildConfiguration;
			baseConfigurationReference = 3047A5101AB8059700498E2A /* build-release.xcconfig */;
			buildSettings = {
				ALWAYS_SEARCH_USER_PATHS = NO;
				ASSETCATALOG_COMPILER_APPICON_NAME = AppIcon;
				ASSETCATALOG_COMPILER_LAUNCHIMAGE_NAME = LaunchImage;
				CLANG_ENABLE_MODULES = YES;
				CLANG_ENABLE_OBJC_ARC = YES;
				COPY_PHASE_STRIP = YES;
				GCC_PRECOMPILE_PREFIX_HEADER = YES;
				GCC_PREFIX_HEADER = "Teleport/Teleport-Prefix.pch";
				GCC_THUMB_SUPPORT = NO;
				GCC_VERSION = "";
				INFOPLIST_FILE = "Teleport/Teleport-Info.plist";
				PRODUCT_NAME = "Teleport";
				FRAMEWORK_SEARCH_PATHS = (
					"$(inherited)",
					"\"Teleport/Plugins/se.frostyelk.cordova.parse.plugin\"",
					"\"Teleport/Plugins/se.frostyelk.cordova.parse.plugin\"",
				);
			};
			name = Release;
		};
		C01FCF4F08A954540054247B /* Debug */ = {
			isa = XCBuildConfiguration;
			baseConfigurationReference = 3047A5111AB8059700498E2A /* build.xcconfig */;
			buildSettings = {
				CLANG_ENABLE_MODULES = YES;
				CLANG_ENABLE_OBJC_ARC = YES;
				CLANG_WARN_BOOL_CONVERSION = YES;
				CLANG_WARN_CONSTANT_CONVERSION = YES;
				CLANG_WARN_EMPTY_BODY = YES;
				CLANG_WARN_ENUM_CONVERSION = YES;
				CLANG_WARN_INT_CONVERSION = YES;
				CLANG_WARN__DUPLICATE_METHOD_MATCH = YES;
				GCC_C_LANGUAGE_STANDARD = c99;
				GCC_THUMB_SUPPORT = NO;
				GCC_VERSION = "";
				GCC_WARN_ABOUT_RETURN_TYPE = YES;
				GCC_WARN_UNDECLARED_SELECTOR = YES;
				GCC_WARN_UNINITIALIZED_AUTOS = YES;
				GCC_WARN_UNUSED_FUNCTION = YES;
				GCC_WARN_UNUSED_VARIABLE = YES;
				ONLY_ACTIVE_ARCH = YES;
				SDKROOT = iphoneos;
				SKIP_INSTALL = NO;
			};
			name = Debug;
		};
		C01FCF5008A954540054247B /* Release */ = {
			isa = XCBuildConfiguration;
			baseConfigurationReference = 3047A5111AB8059700498E2A /* build.xcconfig */;
			buildSettings = {
				CLANG_ENABLE_MODULES = YES;
				CLANG_ENABLE_OBJC_ARC = YES;
				CLANG_WARN_BOOL_CONVERSION = YES;
				CLANG_WARN_CONSTANT_CONVERSION = YES;
				CLANG_WARN_EMPTY_BODY = YES;
				CLANG_WARN_ENUM_CONVERSION = YES;
				CLANG_WARN_INT_CONVERSION = YES;
				CLANG_WARN__DUPLICATE_METHOD_MATCH = YES;
				GCC_C_LANGUAGE_STANDARD = c99;
				GCC_THUMB_SUPPORT = NO;
				GCC_VERSION = "";
				GCC_WARN_ABOUT_RETURN_TYPE = YES;
				GCC_WARN_UNDECLARED_SELECTOR = YES;
				GCC_WARN_UNINITIALIZED_AUTOS = YES;
				GCC_WARN_UNUSED_FUNCTION = YES;
				GCC_WARN_UNUSED_VARIABLE = YES;
				SDKROOT = iphoneos;
				SKIP_INSTALL = NO;
			};
			name = Release;
		};
/* End XCBuildConfiguration section */

/* Begin XCConfigurationList section */
		1D6058960D05DD3E006BFB54 /* Build configuration list for PBXNativeTarget "Teleport" */ = {
			isa = XCConfigurationList;
			buildConfigurations = (
				1D6058940D05DD3E006BFB54 /* Debug */,
				1D6058950D05DD3E006BFB54 /* Release */,
			);
			defaultConfigurationIsVisible = 0;
			defaultConfigurationName = Release;
		};
		C01FCF4E08A954540054247B /* Build configuration list for PBXProject "__NON-CLI__" */ = {
			isa = XCConfigurationList;
			buildConfigurations = (
				C01FCF4F08A954540054247B /* Debug */,
				C01FCF5008A954540054247B /* Release */,
			);
			defaultConfigurationIsVisible = 0;
			defaultConfigurationName = Release;
		};
/* End XCConfigurationList section */
	};
	rootObject = 29B97313FDCFA39411CA2CEA /* Project object */;
}
